{
  "version": 4,
  "terraform_version": "1.14.6",
  "serial": 3,
  "lineage": "3fc7fbde-5802-3763-60f5-184ad44e410f",
  "outputs": {},
  "resources": [
    {
      "mode": "managed",
      "type": "aws_iam_access_key",
      "name": "user_access_keys",
      "provider": "provider[\"registry.terraform.io/hashicorp/aws\"]",
      "instances": [
        {
          "schema_version": 0,
          "attributes": {
            "create_date": "2026-04-19T12:45:09Z",
            "encrypted_secret": null,
            "encrypted_ses_smtp_password_v4": null,
            "id": "LKIAQAAAAAAAPU2FYZP2",
            "key_fingerprint": null,
            "pgp_key": null,
            "secret": "j7nC4DjhrqoKCek0GiLwmcQb+R3IbZwRuMcyi3d4",
            "ses_smtp_password_v4": "BOrfLlCONn8oDBUHMrkfsnUE0tuLAwwCMK0aK0xuM0y4",
            "status": "Active",
            "user": "test-aws-user"
          },
          "sensitive_attributes": [
            [
              {
                "type": "get_attr",
                "value": "secret"
              }
            ],
            [
              {
                "type": "get_attr",
                "value": "ses_smtp_password_v4"
              }
            ]
          ],
          "identity_schema_version": 0,
          "private": "bnVsbA==",
          "dependencies": [
            "aws_iam_user.test_user"
          ]
        }
      ]
    },
    {
      "mode": "managed",
      "type": "aws_iam_user",
      "name": "test_user",
      "provider": "provider[\"registry.terraform.io/hashicorp/aws\"]",
      "instances": [
        {
          "schema_version": 0,
          "attributes": {
            "arn": "arn:aws:iam::000000000000:user/test/test-aws-user",
            "force_destroy": false,
            "id": "test-aws-user",
            "name": "test-aws-user",
            "path": "/test/",
            "permissions_boundary": "",
            "tags": {
              "createdby": "terraform"
            },
            "tags_all": {
              "createdby": "terraform"
            },
            "unique_id": "AIDAQAAAAAAAJJKFK7MIQ"
          },
          "sensitive_attributes": [],
          "identity_schema_version": 0,
          "private": "bnVsbA=="
        }
      ]
    }
  ],
  "check_results": null
}
